{
  "name": "jack-akqa/ajax-form",
  "version": "2",
  "lockfileVersion": 1,
  "requires": true,
  "dependencies": {
    "encoding": {
      "version": "0.1.13",
      "resolved": "https://npm.heyday.net.nz/encoding/-/encoding-0.1.13.tgz",
      "integrity": "sha512-ETBauow1T35Y/WZMkio9jiM0Z5xjHHmJ4XmjZOq1l/dXz3lr2sRn87nJy20RupqSh1F2m3HHPSp8ShIPQJrJ3A==",
      "requires": {
        "iconv-lite": "^0.6.2"
      }
    },
    "es6-promise": {
      "version": "4.2.8",
      "resolved": "https://npm.heyday.net.nz/es6-promise/-/es6-promise-4.2.8.tgz",
      "integrity": "sha512-HJDGx5daxeIvxdBxvG2cb9g4tEvwIk3i8+nhX0yGrYmZUzbkdg8QbDevheDB8gd0//uPj4c1EQua8Q+MViT0/w=="
    },
    "fetch-mock": {
      "version": "5.13.1",
      "resolved": "https://npm.heyday.net.nz/fetch-mock/-/fetch-mock-5.13.1.tgz",
      "integrity": "sha512-eWUo2KI4sRGnRu8tKELCBfasALM5BfvrCxdI7J02j3eUM9mf+uYzJkURA0PSn/29JVapVrYFm+z+9XijXu1PdA==",
      "requires": {
        "glob-to-regexp": "^0.3.0",
        "node-fetch": "^1.3.3",
        "path-to-regexp": "^1.7.0"
      }
    },
    "glob-to-regexp": {
      "version": "0.3.0",
      "resolved": "https://npm.heyday.net.nz/glob-to-regexp/-/glob-to-regexp-0.3.0.tgz",
      "integrity": "sha1-jFoUlNIGbFcMw7/kSWF1rMTVAqs="
    },
    "iconv-lite": {
      "version": "0.6.3",
      "resolved": "https://npm.heyday.net.nz/iconv-lite/-/iconv-lite-0.6.3.tgz",
      "integrity": "sha512-4fCk79wshMdzMp2rH06qWrJE4iolqLhCUH+OiuIgU++RB0+94NlDL81atO7GX55uUKueo0txHNtvEyI6D7WdMw==",
      "requires": {
        "safer-buffer": ">= 2.1.2 < 3.0.0"
      }
    },
    "is-stream": {
      "version": "1.1.0",
      "resolved": "https://npm.heyday.net.nz/is-stream/-/is-stream-1.1.0.tgz",
      "integrity": "sha1-EtSj3U5o4Lec6428hBc66A2RykQ="
    },
    "isarray": {
      "version": "0.0.1",
      "resolved": "https://npm.heyday.net.nz/isarray/-/isarray-0.0.1.tgz",
      "integrity": "sha1-ihis/Kmo9Bd+Cav8YDiTmwXR7t8="
    },
    "node-fetch": {
      "version": "1.7.3",
      "resolved": "https://npm.heyday.net.nz/node-fetch/-/node-fetch-1.7.3.tgz",
      "integrity": "sha512-NhZ4CsKx7cYm2vSrBAr2PvFOe6sWDf0UYLRqA6svUYg7+/TSfVAu49jYC4BvQ4Sms9SZgdqGBgroqfDhJdTyKQ==",
      "requires": {
        "encoding": "^0.1.11",
        "is-stream": "^1.0.1"
      }
    },
    "path-to-regexp": {
      "version": "1.8.0",
      "resolved": "https://npm.heyday.net.nz/path-to-regexp/-/path-to-regexp-1.8.0.tgz",
      "integrity": "sha512-n43JRhlUKUAlibEJhPeir1ncUID16QnEjNpwzNdO3Lm4ywrBpBZ5oLD0I6br9evr1Y9JTqwRtAh7JLoOzAQdVA==",
      "requires": {
        "isarray": "0.0.1"
      }
    },
    "safer-buffer": {
      "version": "2.1.2",
      "resolved": "https://npm.heyday.net.nz/safer-buffer/-/safer-buffer-2.1.2.tgz",
      "integrity": "sha512-YZo3K82SD7Riyi0E1EQPojLz7kpepnSQI9IyPbHHg1XXXevb5dJI7tpyN2ADxGcQbHG7vcyRHk0cbwqcQriUtg=="
    },
    "smooth-scroll": {
      "version": "12.1.5",
      "resolved": "https://npm.heyday.net.nz/smooth-scroll/-/smooth-scroll-12.1.5.tgz",
      "integrity": "sha1-ttjeyjcant1eo60pHvD7fnQe1B4="
    },
    "whatwg-fetch": {
      "version": "2.0.4",
      "resolved": "https://npm.heyday.net.nz/whatwg-fetch/-/whatwg-fetch-2.0.4.tgz",
      "integrity": "sha512-dcQ1GWpOD/eEQ97k66aiEVpNnapVj90/+R+SXTPYGHpYBBypfKJEQjLrvMZ7YXbKm21gXd4NcuxUTjiv1YtLng=="
    }
  }
}
